
Microsoft Visual Studio Solution File, Format Version 12.00
# Visual Studio 15
VisualStudioVersion = 15.0.26228.9
MinimumVisualStudioVersion = 10.0.40219.1
Project("{9A19103F-16F7-4668-BE54-9A1E7A4F7556}") = "ShowReminder.Web", "ShowReminder.Web\ShowReminder.Web.csproj", "{1754D1A3-0A66-4369-A2DA-E22B20493B3F}"
EndProject
Project("{9A19103F-16F7-4668-BE54-9A1E7A4F7556}") = "ShowReminder.Common", "ShowReminder.Common\ShowReminder.Common.csproj", "{3E2879C9-68C6-4605-919E-D2947CE91204}"
EndProject
Project("{9A19103F-16F7-4668-BE54-9A1E7A4F7556}") = "ShowReminder.Data", "ShowReminder.Data\ShowReminder.Data.csproj", "{227CBF55-9973-4230-AFD5-517283227A06}"
EndProject
Project("{9A19103F-16F7-4668-BE54-9A1E7A4F7556}") = "ShowReminder.TVDBFetcher", "ShowReminder.TVDBFetcher\ShowReminder.TVDBFetcher.csproj", "{E4CBEDC4-1934-4813-8838-D144161413F9}"
EndProject
Project("{9A19103F-16F7-4668-BE54-9A1E7A4F7556}") = "ShowReminder.TMDBFetcher", "ShowReminder.TMDBFetcher\ShowReminder.TMDBFetcher.csproj", "{185E3F15-BB25-44F5-B81E-0CE21DE96640}"
EndProject
Project("{FAE04EC0-301F-11D3-BF4B-00C04F79EFBC}") = "ShowReminder.Web.Tests", "ShowReminder.Web.Tests\ShowReminder.Web.Tests.csproj", "{F9C1176F-080F-4361-8304-994A52BCEDE5}"
EndProject
Global
	GlobalSection(SolutionConfigurationPlatforms) = preSolution
		Debug|Any CPU = Debug|Any CPU
		Release|Any CPU = Release|Any CPU
	EndGlobalSection
	GlobalSection(ProjectConfigurationPlatforms) = postSolution
		{1754D1A3-0A66-4369-A2DA-E22B20493B3F}.Debug|Any CPU.ActiveCfg = Debug|Any CPU
		{1754D1A3-0A66-4369-A2DA-E22B20493B3F}.Debug|Any CPU.Build.0 = Debug|Any CPU
		{1754D1A3-0A66-4369-A2DA-E22B20493B3F}.Release|Any CPU.ActiveCfg = Release|Any CPU
		{1754D1A3-0A66-4369-A2DA-E22B20493B3F}.Release|Any CPU.Build.0 = Release|Any CPU
		{3E2879C9-68C6-4605-919E-D2947CE91204}.Debug|Any CPU.ActiveCfg = Debug|Any CPU
		{3E2879C9-68C6-4605-919E-D2947CE91204}.Debug|Any CPU.Build.0 = Debug|Any CPU
		{3E2879C9-68C6-4605-919E-D2947CE91204}.Release|Any CPU.ActiveCfg = Release|Any CPU
		{3E2879C9-68C6-4605-919E-D2947CE91204}.Release|Any CPU.Build.0 = Release|Any CPU
		{227CBF55-9973-4230-AFD5-517283227A06}.Debug|Any CPU.ActiveCfg = Debug|Any CPU
		{227CBF55-9973-4230-AFD5-517283227A06}.Debug|Any CPU.Build.0 = Debug|Any CPU
		{227CBF55-9973-4230-AFD5-517283227A06}.Release|Any CPU.ActiveCfg = Release|Any CPU
		{227CBF55-9973-4230-AFD5-517283227A06}.Release|Any CPU.Build.0 = Release|Any CPU
		{E4CBEDC4-1934-4813-8838-D144161413F9}.Debug|Any CPU.ActiveCfg = Debug|Any CPU
		{E4CBEDC4-1934-4813-8838-D144161413F9}.Debug|Any CPU.Build.0 = Debug|Any CPU
		{E4CBEDC4-1934-4813-8838-D144161413F9}.Release|Any CPU.ActiveCfg = Release|Any CPU
		{E4CBEDC4-1934-4813-8838-D144161413F9}.Release|Any CPU.Build.0 = Release|Any CPU
		{185E3F15-BB25-44F5-B81E-0CE21DE96640}.Debug|Any CPU.ActiveCfg = Debug|Any CPU
		{185E3F15-BB25-44F5-B81E-0CE21DE96640}.Debug|Any CPU.Build.0 = Debug|Any CPU
		{185E3F15-BB25-44F5-B81E-0CE21DE96640}.Release|Any CPU.ActiveCfg = Release|Any CPU
		{185E3F15-BB25-44F5-B81E-0CE21DE96640}.Release|Any CPU.Build.0 = Release|Any CPU
		{F9C1176F-080F-4361-8304-994A52BCEDE5}.Debug|Any CPU.ActiveCfg = Debug|Any CPU
		{F9C1176F-080F-4361-8304-994A52BCEDE5}.Debug|Any CPU.Build.0 = Debug|Any CPU
		{F9C1176F-080F-4361-8304-994A52BCEDE5}.Release|Any CPU.ActiveCfg = Release|Any CPU
		{F9C1176F-080F-4361-8304-994A52BCEDE5}.Release|Any CPU.Build.0 = Release|Any CPU
	EndGlobalSection
	GlobalSection(SolutionProperties) = preSolution
		HideSolutionNode = FALSE
	EndGlobalSection
	GlobalSection(ExtensibilityGlobals) = postSolution
		SolutionGuid = {1109E8CA-A432-4C6F-9404-D5BBD51F3863}
	EndGlobalSection
EndGlobal
